Microsoft Visual Studio Solution File, Format Version 12.00
# Visual Studio Version 17
VisualStudioVersion = 17.5.2.0
MinimumVisualStudioVersion = 10.0.40219.1
Project("{FAE04EC0-301F-11D3-BF4B-00C04F79EFBC}") = "ReenbitTest.Core", "ReenbitTest.Core\ReenbitTest.Core.csproj", "{3B62910F-82CD-AFEE-5E21-922FD0E5A595}"
EndProject
Project("{FAE04EC0-301F-11D3-BF4B-00C04F79EFBC}") = "ReenbitTest.Infrastructure", "ReenbitTest.Infrastructure\ReenbitTest.Infrastructure.csproj", "{3AD7C54E-EABB-A31F-7BB4-80AC0210949B}"
EndProject
Project("{FAE04EC0-301F-11D3-BF4B-00C04F79EFBC}") = "ReenbitTest.API", "ReenbitTest.API\ReenbitTest.API.csproj", "{1B389036-3256-65EB-45BC-78DB10C1AF36}"
EndProject
Global
	GlobalSection(SolutionConfigurationPlatforms) = preSolution
		Debug|Any CPU = Debug|Any CPU
		Release|Any CPU = Release|Any CPU
	EndGlobalSection
	GlobalSection(ProjectConfigurationPlatforms) = postSolution
		{3B62910F-82CD-AFEE-5E21-922FD0E5A595}.Debug|Any CPU.ActiveCfg = Debug|Any CPU
		{3B62910F-82CD-AFEE-5E21-922FD0E5A595}.Debug|Any CPU.Build.0 = Debug|Any CPU
		{3B62910F-82CD-AFEE-5E21-922FD0E5A595}.Release|Any CPU.ActiveCfg = Release|Any CPU
		{3B62910F-82CD-AFEE-5E21-922FD0E5A595}.Release|Any CPU.Build.0 = Release|Any CPU
		{3AD7C54E-EABB-A31F-7BB4-80AC0210949B}.Debug|Any CPU.ActiveCfg = Debug|Any CPU
		{3AD7C54E-EABB-A31F-7BB4-80AC0210949B}.Debug|Any CPU.Build.0 = Debug|Any CPU
		{3AD7C54E-EABB-A31F-7BB4-80AC0210949B}.Release|Any CPU.ActiveCfg = Release|Any CPU
		{3AD7C54E-EABB-A31F-7BB4-80AC0210949B}.Release|Any CPU.Build.0 = Release|Any CPU
		{1B389036-3256-65EB-45BC-78DB10C1AF36}.Debug|Any CPU.ActiveCfg = Debug|Any CPU
		{1B389036-3256-65EB-45BC-78DB10C1AF36}.Debug|Any CPU.Build.0 = Debug|Any CPU
		{1B389036-3256-65EB-45BC-78DB10C1AF36}.Release|Any CPU.ActiveCfg = Release|Any CPU
		{1B389036-3256-65EB-45BC-78DB10C1AF36}.Release|Any CPU.Build.0 = Release|Any CPU
	EndGlobalSection
	GlobalSection(SolutionProperties) = preSolution
		HideSolutionNode = FALSE
	EndGlobalSection
	GlobalSection(ExtensibilityGlobals) = postSolution
		SolutionGuid = {AEE9526E-E9E4-4C16-96C0-D940C648DBD5}
	EndGlobalSection
EndGlobal
